
Microsoft Visual Studio Solution File, Format Version 12.00
# Visual Studio Version 16
VisualStudioVersion = 16.0.29613.14
MinimumVisualStudioVersion = 10.0.40219.1
Project("{F184B08F-C81C-45F6-A57F-5ABD9991F28F}") = "InstaMonitor", "InstaMonitor\InstaMonitor.vbproj", "{90C28B4E-5608-415C-8137-4D4DD01E4937}"
EndProject
Global
	GlobalSection(SolutionConfigurationPlatforms) = preSolution
		Debug|ARM = Debug|ARM
		Debug|ARM64 = Debug|ARM64
		Debug|x64 = Debug|x64
		Debug|x86 = Debug|x86
		Release|ARM = Release|ARM
		Release|ARM64 = Release|ARM64
		Release|x64 = Release|x64
		Release|x86 = Release|x86
	EndGlobalSection
	GlobalSection(ProjectConfigurationPlatforms) = postSolution
		{90C28B4E-5608-415C-8137-4D4DD01E4937}.Debug|ARM.ActiveCfg = Debug|ARM
		{90C28B4E-5608-415C-8137-4D4DD01E4937}.Debug|ARM.Build.0 = Debug|ARM
		{90C28B4E-5608-415C-8137-4D4DD01E4937}.Debug|ARM.Deploy.0 = Debug|ARM
		{90C28B4E-5608-415C-8137-4D4DD01E4937}.Debug|ARM64.ActiveCfg = Debug|ARM64
		{90C28B4E-5608-415C-8137-4D4DD01E4937}.Debug|ARM64.Build.0 = Debug|ARM64
		{90C28B4E-5608-415C-8137-4D4DD01E4937}.Debug|ARM64.Deploy.0 = Debug|ARM64
		{90C28B4E-5608-415C-8137-4D4DD01E4937}.Debug|x64.ActiveCfg = Debug|x64
		{90C28B4E-5608-415C-8137-4D4DD01E4937}.Debug|x64.Build.0 = Debug|x64
		{90C28B4E-5608-415C-8137-4D4DD01E4937}.Debug|x64.Deploy.0 = Debug|x64
		{90C28B4E-5608-415C-8137-4D4DD01E4937}.Debug|x86.ActiveCfg = Debug|x86
		{90C28B4E-5608-415C-8137-4D4DD01E4937}.Debug|x86.Build.0 = Debug|x86
		{90C28B4E-5608-415C-8137-4D4DD01E4937}.Debug|x86.Deploy.0 = Debug|x86
		{90C28B4E-5608-415C-8137-4D4DD01E4937}.Release|ARM.ActiveCfg = Release|ARM
		{90C28B4E-5608-415C-8137-4D4DD01E4937}.Release|ARM.Build.0 = Release|ARM
		{90C28B4E-5608-415C-8137-4D4DD01E4937}.Release|ARM.Deploy.0 = Release|ARM
		{90C28B4E-5608-415C-8137-4D4DD01E4937}.Release|ARM64.ActiveCfg = Release|ARM64
		{90C28B4E-5608-415C-8137-4D4DD01E4937}.Release|ARM64.Build.0 = Release|ARM64
		{90C28B4E-5608-415C-8137-4D4DD01E4937}.Release|ARM64.Deploy.0 = Release|ARM64
		{90C28B4E-5608-415C-8137-4D4DD01E4937}.Release|x64.ActiveCfg = Release|x64
		{90C28B4E-5608-415C-8137-4D4DD01E4937}.Release|x64.Build.0 = Release|x64
		{90C28B4E-5608-415C-8137-4D4DD01E4937}.Release|x64.Deploy.0 = Release|x64
		{90C28B4E-5608-415C-8137-4D4DD01E4937}.Release|x86.ActiveCfg = Release|x86
		{90C28B4E-5608-415C-8137-4D4DD01E4937}.Release|x86.Build.0 = Release|x86
		{90C28B4E-5608-415C-8137-4D4DD01E4937}.Release|x86.Deploy.0 = Release|x86
	EndGlobalSection
	GlobalSection(SolutionProperties) = preSolution
		HideSolutionNode = FALSE
	EndGlobalSection
	GlobalSection(ExtensibilityGlobals) = postSolution
		SolutionGuid = {3DC4F0C6-E59A-48A2-8CB6-DD0E4BA5DFDA}
	EndGlobalSection
EndGlobal
